
Microsoft Visual Studio Solution File, Format Version 12.00
# Visual Studio Version 17
VisualStudioVersion = 17.0.31919.166
MinimumVisualStudioVersion = 10.0.40219.1
Project("{FAE04EC0-301F-11D3-BF4B-00C04F79EFBC}") = "Noteapp.API", "..\Noteapp.API\Noteapp.API.csproj", "{7EAAFDA7-F2FA-4B7D-9489-7CE5B4F43467}"
EndProject
Project("{FAE04EC0-301F-11D3-BF4B-00C04F79EFBC}") = "Noteapp.Application", "..\Noteapp.Application\Noteapp.Application.csproj", "{CDE68793-2E66-4E9E-B1B8-96112C06E27C}"
EndProject
Project("{FAE04EC0-301F-11D3-BF4B-00C04F79EFBC}") = "Noteapp.IoC", "..\Noteapp.IoC\Noteapp.IoC.csproj", "{2E532FAA-3B3B-4E47-A925-1D34FCC20B37}"
EndProject
Project("{FAE04EC0-301F-11D3-BF4B-00C04F79EFBC}") = "Noteapp.Data", "..\Noteapp.Data\Noteapp.Data.csproj", "{722AFA63-C834-4CA8-911D-538D12507CC2}"
EndProject
Project("{FAE04EC0-301F-11D3-BF4B-00C04F79EFBC}") = "Noteapp.Domain", "..\Noteapp.Domain\Noteapp.Domain.csproj", "{E632B367-1DB9-4775-A5FF-85884C24D556}"
EndProject
Global
	GlobalSection(SolutionConfigurationPlatforms) = preSolution
		Debug|Any CPU = Debug|Any CPU
		Release|Any CPU = Release|Any CPU
	EndGlobalSection
	GlobalSection(ProjectConfigurationPlatforms) = postSolution
		{7EAAFDA7-F2FA-4B7D-9489-7CE5B4F43467}.Debug|Any CPU.ActiveCfg = Debug|Any CPU
		{7EAAFDA7-F2FA-4B7D-9489-7CE5B4F43467}.Debug|Any CPU.Build.0 = Debug|Any CPU
		{7EAAFDA7-F2FA-4B7D-9489-7CE5B4F43467}.Release|Any CPU.ActiveCfg = Release|Any CPU
		{7EAAFDA7-F2FA-4B7D-9489-7CE5B4F43467}.Release|Any CPU.Build.0 = Release|Any CPU
		{CDE68793-2E66-4E9E-B1B8-96112C06E27C}.Debug|Any CPU.ActiveCfg = Debug|Any CPU
		{CDE68793-2E66-4E9E-B1B8-96112C06E27C}.Debug|Any CPU.Build.0 = Debug|Any CPU
		{CDE68793-2E66-4E9E-B1B8-96112C06E27C}.Release|Any CPU.ActiveCfg = Release|Any CPU
		{CDE68793-2E66-4E9E-B1B8-96112C06E27C}.Release|Any CPU.Build.0 = Release|Any CPU
		{2E532FAA-3B3B-4E47-A925-1D34FCC20B37}.Debug|Any CPU.ActiveCfg = Debug|Any CPU
		{2E532FAA-3B3B-4E47-A925-1D34FCC20B37}.Debug|Any CPU.Build.0 = Debug|Any CPU
		{2E532FAA-3B3B-4E47-A925-1D34FCC20B37}.Release|Any CPU.ActiveCfg = Release|Any CPU
		{2E532FAA-3B3B-4E47-A925-1D34FCC20B37}.Release|Any CPU.Build.0 = Release|Any CPU
		{722AFA63-C834-4CA8-911D-538D12507CC2}.Debug|Any CPU.ActiveCfg = Debug|Any CPU
		{722AFA63-C834-4CA8-911D-538D12507CC2}.Debug|Any CPU.Build.0 = Debug|Any CPU
		{722AFA63-C834-4CA8-911D-538D12507CC2}.Release|Any CPU.ActiveCfg = Release|Any CPU
		{722AFA63-C834-4CA8-911D-538D12507CC2}.Release|Any CPU.Build.0 = Release|Any CPU
		{E632B367-1DB9-4775-A5FF-85884C24D556}.Debug|Any CPU.ActiveCfg = Debug|Any CPU
		{E632B367-1DB9-4775-A5FF-85884C24D556}.Debug|Any CPU.Build.0 = Debug|Any CPU
		{E632B367-1DB9-4775-A5FF-85884C24D556}.Release|Any CPU.ActiveCfg = Release|Any CPU
		{E632B367-1DB9-4775-A5FF-85884C24D556}.Release|Any CPU.Build.0 = Release|Any CPU
	EndGlobalSection
	GlobalSection(SolutionProperties) = preSolution
		HideSolutionNode = FALSE
	EndGlobalSection
	GlobalSection(ExtensibilityGlobals) = postSolution
		SolutionGuid = {05485895-C966-404A-99EC-20FC0F6770E3}
	EndGlobalSection
EndGlobal
